// !$*UTF8*$!
{
	archiveVersion = 1;
	classes = {
	};
	objectVersion = 77;
	objects = {

/* Begin PBXBuildFile section */
		84D6DFDF2EBED8EE00523334 /* Assets.xcassets in Resources */ = {isa = PBXBuildFile; fileRef = 84D6DFD62EBED8EE00523334 /* Assets.xcassets */; };
		84D6DFE12EBED8EE00523334 /* LaunchScreen.storyboard in Resources */ = {isa = PBXBuildFile; fileRef = 84D6DFD92EBED8EE00523334 /* LaunchScreen.storyboard */; };
		84D6DFE22EBED8EE00523334 /* Main.storyboard in Resources */ = {isa = PBXBuildFile; fileRef = 84D6DFDB2EBED8EE00523334 /* Main.storyboard */; };
		84D6DFE32EBED8EE00523334 /* AppDelegate.swift in Sources */ = {isa = PBXBuildFile; fileRef = 84D6DFD52EBED8EE00523334 /* AppDelegate.swift */; };
		84D6DFE42EBED8EE00523334 /* SceneDelegate.swift in Sources */ = {isa = PBXBuildFile; fileRef = 84D6DFDC2EBED8EE00523334 /* SceneDelegate.swift */; };
		84D6DFE52EBED8EE00523334 /* ViewController.swift in Sources */ = {isa = PBXBuildFile; fileRef = 84D6DFDD2EBED8EE00523334 /* ViewController.swift */; };
		84D6DFE82EBED91000523334 /* CarouselVC.xib in Resources */ = {isa = PBXBuildFile; fileRef = 84D6DFE72EBED91000523334 /* CarouselVC.xib */; };
		84D6DFE92EBED91000523334 /* CarouselVC.swift in Sources */ = {isa = PBXBuildFile; fileRef = 84D6DFE62EBED91000523334 /* CarouselVC.swift */; };
		8F33AAA97CAC4D565EBACCA2 /* Pods_CustomCarousel.framework in Frameworks */ = {isa = PBXBuildFile; fileRef = 454E78C71F6E799CB814B88F /* Pods_CustomCarousel.framework */; };
/* End PBXBuildFile section */

/* Begin PBXFileReference section */
		1B8372AB6EB89BA15B3DB013 /* Pods-CustomCarousel.release.xcconfig */ = {isa = PBXFileReference; includeInIndex = 1; lastKnownFileType = text.xcconfig; name = "Pods-CustomCarousel.release.xcconfig"; path = "Target Support Files/Pods-CustomCarousel/Pods-CustomCarousel.release.xcconfig"; sourceTree = "<group>"; };
		454E78C71F6E799CB814B88F /* Pods_CustomCarousel.framework */ = {isa = PBXFileReference; explicitFileType = wrapper.framework; includeInIndex = 0; path = Pods_CustomCarousel.framework; sourceTree = BUILT_PRODUCTS_DIR; };
		84D6DF9D2EBED7EE00523334 /* CustomCarousel.app */ = {isa = PBXFileReference; explicitFileType = wrapper.application; includeInIndex = 0; path = CustomCarousel.app; sourceTree = BUILT_PRODUCTS_DIR; };
		84D6DFD52EBED8EE00523334 /* AppDelegate.swift */ = {isa = PBXFileReference; lastKnownFileType = sourcecode.swift; path = AppDelegate.swift; sourceTree = "<group>"; };
		84D6DFD62EBED8EE00523334 /* Assets.xcassets */ = {isa = PBXFileReference; lastKnownFileType = folder.assetcatalog; path = Assets.xcassets; sourceTree = "<group>"; };
		84D6DFD72EBED8EE00523334 /* Info.plist */ = {isa = PBXFileReference; lastKnownFileType = text.plist.xml; path = Info.plist; sourceTree = "<group>"; };
		84D6DFD82EBED8EE00523334 /* Base */ = {isa = PBXFileReference; lastKnownFileType = file.storyboard; name = Base; path = Base.lproj/LaunchScreen.storyboard; sourceTree = "<group>"; };
		84D6DFDA2EBED8EE00523334 /* Base */ = {isa = PBXFileReference; lastKnownFileType = file.storyboard; name = Base; path = Base.lproj/Main.storyboard; sourceTree = "<group>"; };
		84D6DFDC2EBED8EE00523334 /* SceneDelegate.swift */ = {isa = PBXFileReference; lastKnownFileType = sourcecode.swift; path = SceneDelegate.swift; sourceTree = "<group>"; };
		84D6DFDD2EBED8EE00523334 /* ViewController.swift */ = {isa = PBXFileReference; lastKnownFileType = sourcecode.swift; path = ViewController.swift; sourceTree = "<group>"; };
		84D6DFE62EBED91000523334 /* CarouselVC.swift */ = {isa = PBXFileReference; lastKnownFileType = sourcecode.swift; path = CarouselVC.swift; sourceTree = "<group>"; };
		84D6DFE72EBED91000523334 /* CarouselVC.xib */ = {isa = PBXFileReference; lastKnownFileType = file.xib; path = CarouselVC.xib; sourceTree = "<group>"; };
		85BA9E60F24A0217642D83B9 /* Pods-CustomCarousel.debug.xcconfig */ = {isa = PBXFileReference; includeInIndex = 1; lastKnownFileType = text.xcconfig; name = "Pods-CustomCarousel.debug.xcconfig"; path = "Target Support Files/Pods-CustomCarousel/Pods-CustomCarousel.debug.xcconfig"; sourceTree = "<group>"; };
/* End PBXFileReference section */

/* Begin PBXFrameworksBuildPhase section */
		84D6DF9A2EBED7EE00523334 /* Frameworks */ = {
			isa = PBXFrameworksBuildPhase;
			buildActionMask = 2147483647;
			files = (
				8F33AAA97CAC4D565EBACCA2 /* Pods_CustomCarousel.framework in Frameworks */,
			);
			runOnlyForDeploymentPostprocessing = 0;
		};
/* End PBXFrameworksBuildPhase section */

/* Begin PBXGroup section */
		0FC63F3C668EFE9FE415E126 /* Frameworks */ = {
			isa = PBXGroup;
			children = (
				454E78C71F6E799CB814B88F /* Pods_CustomCarousel.framework */,
			);
			name = Frameworks;
			sourceTree = "<group>";
		};
		84D6DF942EBED7EE00523334 = {
			isa = PBXGroup;
			children = (
				84D6DFDE2EBED8EE00523334 /* CustomCarousel */,
				84D6DF9E2EBED7EE00523334 /* Products */,
				AFED20082648BE386034760E /* Pods */,
				0FC63F3C668EFE9FE415E126 /* Frameworks */,
			);
			sourceTree = "<group>";
		};
		84D6DF9E2EBED7EE00523334 /* Products */ = {
			isa = PBXGroup;
			children = (
				84D6DF9D2EBED7EE00523334 /* CustomCarousel.app */,
			);
			name = Products;
			sourceTree = "<group>";
		};
		84D6DFDE2EBED8EE00523334 /* CustomCarousel */ = {
			isa = PBXGroup;
			children = (
				84D6DFD52EBED8EE00523334 /* AppDelegate.swift */,
				84D6DFD62EBED8EE00523334 /* Assets.xcassets */,
				84D6DFD72EBED8EE00523334 /* Info.plist */,
				84D6DFD92EBED8EE00523334 /* LaunchScreen.storyboard */,
				84D6DFDB2EBED8EE00523334 /* Main.storyboard */,
				84D6DFDC2EBED8EE00523334 /* SceneDelegate.swift */,
				84D6DFDD2EBED8EE00523334 /* ViewController.swift */,
				84D6DFE62EBED91000523334 /* CarouselVC.swift */,
				84D6DFE72EBED91000523334 /* CarouselVC.xib */,
			);
			path = CustomCarousel;
			sourceTree = "<group>";
		};
		AFED20082648BE386034760E /* Pods */ = {
			isa = PBXGroup;
			children = (
				85BA9E60F24A0217642D83B9 /* Pods-CustomCarousel.debug.xcconfig */,
				1B8372AB6EB89BA15B3DB013 /* Pods-CustomCarousel.release.xcconfig */,
			);
			path = Pods;
			sourceTree = "<group>";
		};
/* End PBXGroup section */

/* Begin PBXNativeTarget section */
		84D6DF9C2EBED7EE00523334 /* CustomCarousel */ = {
			isa = PBXNativeTarget;
			buildConfigurationList = 84D6DFB02EBED7EF00523334 /* Build configuration list for PBXNativeTarget "CustomCarousel" */;
			buildPhases = (
				3F6212A285AC0AE8A7113367 /* [CP] Check Pods Manifest.lock */,
				84D6DF992EBED7EE00523334 /* Sources */,
				84D6DF9A2EBED7EE00523334 /* Frameworks */,
				84D6DF9B2EBED7EE00523334 /* Resources */,
				6B056C9A3CB2A7604E6511F0 /* [CP] Embed Pods Frameworks */,
			);
			buildRules = (
			);
			dependencies = (
			);
			name = CustomCarousel;
			productName = CustomCarousel;
			productReference = 84D6DF9D2EBED7EE00523334 /* CustomCarousel.app */;
			productType = "com.apple.product-type.application";
		};
/* End PBXNativeTarget section */

/* Begin PBXProject section */
		84D6DF952EBED7EE00523334 /* Project object */ = {
			isa = PBXProject;
			attributes = {
				BuildIndependentTargetsInParallel = 1;
				LastSwiftUpdateCheck = 1640;
				LastUpgradeCheck = 1640;
				TargetAttributes = {
					84D6DF9C2EBED7EE00523334 = {
						CreatedOnToolsVersion = 16.4;
					};
				};
			};
			buildConfigurationList = 84D6DF982EBED7EE00523334 /* Build configuration list for PBXProject "CustomCarousel" */;
			developmentRegion = en;
			hasScannedForEncodings = 0;
			knownRegions = (
				en,
				Base,
			);
			mainGroup = 84D6DF942EBED7EE00523334;
			minimizedProjectReferenceProxies = 1;
			preferredProjectObjectVersion = 77;
			productRefGroup = 84D6DF9E2EBED7EE00523334 /* Products */;
			projectDirPath = "";
			projectRoot = "";
			targets = (
				84D6DF9C2EBED7EE00523334 /* CustomCarousel */,
			);
		};
/* End PBXProject section */

/* Begin PBXResourcesBuildPhase section */
		84D6DF9B2EBED7EE00523334 /* Resources */ = {
			isa = PBXResourcesBuildPhase;
			buildActionMask = 2147483647;
			files = (
				84D6DFDF2EBED8EE00523334 /* Assets.xcassets in Resources */,
				84D6DFE12EBED8EE00523334 /* LaunchScreen.storyboard in Resources */,
				84D6DFE82EBED91000523334 /* CarouselVC.xib in Resources */,
				84D6DFE22EBED8EE00523334 /* Main.storyboard in Resources */,
			);
			runOnlyForDeploymentPostprocessing = 0;
		};
/* End PBXResourcesBuildPhase section */

/* Begin PBXShellScriptBuildPhase section */
		3F6212A285AC0AE8A7113367 /* [CP] Check Pods Manifest.lock */ = {
			isa = PBXShellScriptBuildPhase;
			buildActionMask = 2147483647;
			files = (
			);
			inputFileListPaths = (
			);
			inputPaths = (
				"${PODS_PODFILE_DIR_PATH}/Podfile.lock",
				"${PODS_ROOT}/Manifest.lock",
			);
			name = "[CP] Check Pods Manifest.lock";
			outputFileListPaths = (
			);
			outputPaths = (
				"$(DERIVED_FILE_DIR)/Pods-CustomCarousel-checkManifestLockResult.txt",
			);
			runOnlyForDeploymentPostprocessing = 0;
			shellPath = /bin/sh;
			shellScript = "diff \"${PODS_PODFILE_DIR_PATH}/Podfile.lock\" \"${PODS_ROOT}/Manifest.lock\" > /dev/null\nif [ $? != 0 ] ; then\n    # print error to STDERR\n    echo \"error: The sandbox is not in sync with the Podfile.lock. Run 'pod install' or update your CocoaPods installation.\" >&2\n    exit 1\nfi\n# This output is used by Xcode 'outputs' to avoid re-running this script phase.\necho \"SUCCESS\" > \"${SCRIPT_OUTPUT_FILE_0}\"\n";
			showEnvVarsInLog = 0;
		};
		6B056C9A3CB2A7604E6511F0 /* [CP] Embed Pods Frameworks */ = {
			isa = PBXShellScriptBuildPhase;
			buildActionMask = 2147483647;
			files = (
			);
			inputFileListPaths = (
				"${PODS_ROOT}/Target Support Files/Pods-CustomCarousel/Pods-CustomCarousel-frameworks-${CONFIGURATION}-input-files.xcfilelist",
			);
			inputPaths = (
			);
			name = "[CP] Embed Pods Frameworks";
			outputFileListPaths = (
				"${PODS_ROOT}/Target Support Files/Pods-CustomCarousel/Pods-CustomCarousel-frameworks-${CONFIGURATION}-output-files.xcfilelist",
			);
			outputPaths = (
			);
			runOnlyForDeploymentPostprocessing = 0;
			shellPath = /bin/sh;
			shellScript = "\"${PODS_ROOT}/Target Support Files/Pods-CustomCarousel/Pods-CustomCarousel-frameworks.sh\"\n";
			showEnvVarsInLog = 0;
		};
/* End PBXShellScriptBuildPhase section */

/* Begin PBXSourcesBuildPhase section */
		84D6DF992EBED7EE00523334 /* Sources */ = {
			isa = PBXSourcesBuildPhase;
			buildActionMask = 2147483647;
			files = (
				84D6DFE32EBED8EE00523334 /* AppDelegate.swift in Sources */,
				84D6DFE42EBED8EE00523334 /* SceneDelegate.swift in Sources */,
				84D6DFE92EBED91000523334 /* CarouselVC.swift in Sources */,
				84D6DFE52EBED8EE00523334 /* ViewController.swift in Sources */,
			);
			runOnlyForDeploymentPostprocessing = 0;
		};
/* End PBXSourcesBuildPhase section */

/* Begin PBXVariantGroup section */
		84D6DFD92EBED8EE00523334 /* LaunchScreen.storyboard */ = {
			isa = PBXVariantGroup;
			children = (
				84D6DFD82EBED8EE00523334 /* Base */,
			);
			name = LaunchScreen.storyboard;
			sourceTree = "<group>";
		};
		84D6DFDB2EBED8EE00523334 /* Main.storyboard */ = {
			isa = PBXVariantGroup;
			children = (
				84D6DFDA2EBED8EE00523334 /* Base */,
			);
			name = Main.storyboard;
			sourceTree = "<group>";
		};
/* End PBXVariantGroup section */

/* Begin XCBuildConfiguration section */
		84D6DFB12EBED7EF00523334 /* Debug */ = {
			isa = XCBuildConfiguration;
			baseConfigurationReference = 85BA9E60F24A0217642D83B9 /* Pods-CustomCarousel.debug.xcconfig */;
			buildSettings = {
				ASSETCATALOG_COMPILER_APPICON_NAME = AppIcon;
				ASSETCATALOG_COMPILER_GLOBAL_ACCENT_COLOR_NAME = AccentColor;
				CODE_SIGN_STYLE = Automatic;
				CURRENT_PROJECT_VERSION = 1;
				GENERATE_INFOPLIST_FILE = YES;
				INFOPLIST_FILE = CustomCarousel/Info.plist;
				INFOPLIST_KEY_UIApplicationSupportsIndirectInputEvents = YES;
				INFOPLIST_KEY_UILaunchStoryboardName = LaunchScreen;
				INFOPLIST_KEY_UIMainStoryboardFile = Main;
				INFOPLIST_KEY_UISupportedInterfaceOrientations_iPad = "UIInterfaceOrientationPortrait UIInterfaceOrientationPortraitUpsideDown UIInterfaceOrientationLandscapeLeft UIInterfaceOrientationLandscapeRight";
				INFOPLIST_KEY_UISupportedInterfaceOrientations_iPhone = "UIInterfaceOrientationPortrait UIInterfaceOrientationLandscapeLeft UIInterfaceOrientationLandscapeRight";
				LD_RUNPATH_SEARCH_PATHS = (
					"$(inherited)",
					"@executable_path/Frameworks",
				);
				MARKETING_VERSION = 1.0;
				PRODUCT_BUNDLE_IDENTIFIER = com.example.CustomCarousel;
				PRODUCT_NAME = "$(TARGET_NAME)";
				SWIFT_EMIT_LOC_STRINGS = YES;
				SWIFT_VERSION = 5.0;
				TARGETED_DEVICE_FAMILY = "1,2";
			};
			name = Debug;
		};
		84D6DFB22EBED7EF00523334 /* Release */ = {
			isa = XCBuildConfiguration;
			baseConfigurationReference = 1B8372AB6EB89BA15B3DB013 /* Pods-CustomCarousel.release.xcconfig */;
			buildSettings = {
				ASSETCATALOG_COMPILER_APPICON_NAME = AppIcon;
				ASSETCATALOG_COMPILER_GLOBAL_ACCENT_COLOR_NAME = AccentColor;
				CODE_SIGN_STYLE = Automatic;
				CURRENT_PROJECT_VERSION = 1;
				GENERATE_INFOPLIST_FILE = YES;
				INFOPLIST_FILE = CustomCarousel/Info.plist;
				INFOPLIST_KEY_UIApplicationSupportsIndirectInputEvents = YES;
				INFOPLIST_KEY_UILaunchStoryboardName = LaunchScreen;
				INFOPLIST_KEY_UIMainStoryboardFile = Main;
				INFOPLIST_KEY_UISupportedInterfaceOrientations_iPad = "UIInterfaceOrientationPortrait UIInterfaceOrientationPortraitUpsideDown UIInterfaceOrientationLandscapeLeft UIInterfaceOrientationLandscapeRight";
				INFOPLIST_KEY_UISupportedInterfaceOrientations_iPhone = "UIInterfaceOrientationPortrait UIInterfaceOrientationLandscapeLeft UIInterfaceOrientationLandscapeRight";
				LD_RUNPATH_SEARCH_PATHS = (
					"$(inherited)",
					"@executable_path/Frameworks",
				);
				MARKETING_VERSION = 1.0;
				PRODUCT_BUNDLE_IDENTIFIER = com.example.CustomCarousel;
				PRODUCT_NAME = "$(TARGET_NAME)";
				SWIFT_EMIT_LOC_STRINGS = YES;
				SWIFT_VERSION = 5.0;
				TARGETED_DEVICE_FAMILY = "1,2";
			};
			name = Release;
		};
		84D6DFB32EBED7EF00523334 /* Debug */ = {
			isa = XCBuildConfiguration;
			buildSettings = {
				ALWAYS_SEARCH_USER_PATHS = NO;
				ASSETCATALOG_COMPILER_GENERATE_SWIFT_ASSET_SYMBOL_EXTENSIONS = YES;
				CLANG_ANALYZER_NONNULL = YES;
				CLANG_ANALYZER_NUMBER_OBJECT_CONVERSION = YES_AGGRESSIVE;
				CLANG_CXX_LANGUAGE_STANDARD = "gnu++20";
				CLANG_ENABLE_MODULES = YES;
				CLANG_ENABLE_OBJC_ARC = YES;
				CLANG_ENABLE_OBJC_WEAK = YES;
				CLANG_WARN_BLOCK_CAPTURE_AUTORELEASING = YES;
				CLANG_WARN_BOOL_CONVERSION = YES;
				CLANG_WARN_COMMA = YES;
				CLANG_WARN_CONSTANT_CONVERSION = YES;
				CLANG_WARN_DEPRECATED_OBJC_IMPLEMENTATIONS = YES;
				CLANG_WARN_DIRECT_OBJC_ISA_USAGE = YES_ERROR;
				CLANG_WARN_DOCUMENTATION_COMMENTS = YES;
				CLANG_WARN_EMPTY_BODY = YES;
				CLANG_WARN_ENUM_CONVERSION = YES;
				CLANG_WARN_INFINITE_RECURSION = YES;
				CLANG_WARN_INT_CONVERSION = YES;
				CLANG_WARN_NON_LITERAL_NULL_CONVERSION = YES;
				CLANG_WARN_OBJC_IMPLICIT_RETAIN_SELF = YES;
				CLANG_WARN_OBJC_LITERAL_CONVERSION = YES;
				CLANG_WARN_OBJC_ROOT_CLASS = YES_ERROR;
				CLANG_WARN_QUOTED_INCLUDE_IN_FRAMEWORK_HEADER = YES;
				CLANG_WARN_RANGE_LOOP_ANALYSIS = YES;
				CLANG_WARN_STRICT_PROTOTYPES = YES;
				CLANG_WARN_SUSPICIOUS_MOVE = YES;
				CLANG_WARN_UNGUARDED_AVAILABILITY = YES_AGGRESSIVE;
				CLANG_WARN_UNREACHABLE_CODE = YES;
				CLANG_WARN__DUPLICATE_METHOD_MATCH = YES;
				COPY_PHASE_STRIP = NO;
				DEBUG_INFORMATION_FORMAT = dwarf;
				ENABLE_STRICT_OBJC_MSGSEND = YES;
				ENABLE_TESTABILITY = YES;
				ENABLE_USER_SCRIPT_SANDBOXING = NO;
				GCC_C_LANGUAGE_STANDARD = gnu17;
				GCC_DYNAMIC_NO_PIC = NO;
				GCC_NO_COMMON_BLOCKS = YES;
				GCC_OPTIMIZATION_LEVEL = 0;
				GCC_PREPROCESSOR_DEFINITIONS = (
					"DEBUG=1",
					"$(inherited)",
				);
				GCC_WARN_64_TO_32_BIT_CONVERSION = YES;
				GCC_WARN_ABOUT_RETURN_TYPE = YES_ERROR;
				GCC_WARN_UNDECLARED_SELECTOR = YES;
				GCC_WARN_UNINITIALIZED_AUTOS = YES_AGGRESSIVE;
				GCC_WARN_UNUSED_FUNCTION = YES;
				GCC_WARN_UNUSED_VARIABLE = YES;
				IPHONEOS_DEPLOYMENT_TARGET = 18.5;
				LOCALIZATION_PREFERS_STRING_CATALOGS = YES;
				MTL_ENABLE_DEBUG_INFO = INCLUDE_SOURCE;
				MTL_FAST_MATH = YES;
				ONLY_ACTIVE_ARCH = YES;
				SDKROOT = iphoneos;
				SWIFT_ACTIVE_COMPILATION_CONDITIONS = "DEBUG $(inherited)";
				SWIFT_OPTIMIZATION_LEVEL = "-Onone";
			};
			name = Debug;
		};
		84D6DFB42EBED7EF00523334 /* Release */ = {
			isa = XCBuildConfiguration;
			buildSettings = {
				ALWAYS_SEARCH_USER_PATHS = NO;
				ASSETCATALOG_COMPILER_GENERATE_SWIFT_ASSET_SYMBOL_EXTENSIONS = YES;
				CLANG_ANALYZER_NONNULL = YES;
				CLANG_ANALYZER_NUMBER_OBJECT_CONVERSION = YES_AGGRESSIVE;
				CLANG_CXX_LANGUAGE_STANDARD = "gnu++20";
				CLANG_ENABLE_MODULES = YES;
				CLANG_ENABLE_OBJC_ARC = YES;
				CLANG_ENABLE_OBJC_WEAK = YES;
				CLANG_WARN_BLOCK_CAPTURE_AUTORELEASING = YES;
				CLANG_WARN_BOOL_CONVERSION = YES;
				CLANG_WARN_COMMA = YES;
				CLANG_WARN_CONSTANT_CONVERSION = YES;
				CLANG_WARN_DEPRECATED_OBJC_IMPLEMENTATIONS = YES;
				CLANG_WARN_DIRECT_OBJC_ISA_USAGE = YES_ERROR;
				CLANG_WARN_DOCUMENTATION_COMMENTS = YES;
				CLANG_WARN_EMPTY_BODY = YES;
				CLANG_WARN_ENUM_CONVERSION = YES;
				CLANG_WARN_INFINITE_RECURSION = YES;
				CLANG_WARN_INT_CONVERSION = YES;
				CLANG_WARN_NON_LITERAL_NULL_CONVERSION = YES;
				CLANG_WARN_OBJC_IMPLICIT_RETAIN_SELF = YES;
				CLANG_WARN_OBJC_LITERAL_CONVERSION = YES;
				CLANG_WARN_OBJC_ROOT_CLASS = YES_ERROR;
				CLANG_WARN_QUOTED_INCLUDE_IN_FRAMEWORK_HEADER = YES;
				CLANG_WARN_RANGE_LOOP_ANALYSIS = YES;
				CLANG_WARN_STRICT_PROTOTYPES = YES;
				CLANG_WARN_SUSPICIOUS_MOVE = YES;
				CLANG_WARN_UNGUARDED_AVAILABILITY = YES_AGGRESSIVE;
				CLANG_WARN_UNREACHABLE_CODE = YES;
				CLANG_WARN__DUPLICATE_METHOD_MATCH = YES;
				COPY_PHASE_STRIP = NO;
				DEBUG_INFORMATION_FORMAT = "dwarf-with-dsym";
				ENABLE_NS_ASSERTIONS = NO;
				ENABLE_STRICT_OBJC_MSGSEND = YES;
				ENABLE_USER_SCRIPT_SANDBOXING = NO;
				GCC_C_LANGUAGE_STANDARD = gnu17;
				GCC_NO_COMMON_BLOCKS = YES;
				GCC_WARN_64_TO_32_BIT_CONVERSION = YES;
				GCC_WARN_ABOUT_RETURN_TYPE = YES_ERROR;
				GCC_WARN_UNDECLARED_SELECTOR = YES;
				GCC_WARN_UNINITIALIZED_AUTOS = YES_AGGRESSIVE;
				GCC_WARN_UNUSED_FUNCTION = YES;
				GCC_WARN_UNUSED_VARIABLE = YES;
				IPHONEOS_DEPLOYMENT_TARGET = 18.5;
				LOCALIZATION_PREFERS_STRING_CATALOGS = YES;
				MTL_ENABLE_DEBUG_INFO = NO;
				MTL_FAST_MATH = YES;
				SDKROOT = iphoneos;
				SWIFT_COMPILATION_MODE = wholemodule;
				VALIDATE_PRODUCT = YES;
			};
			name = Release;
		};
/* End XCBuildConfiguration section */

/* Begin XCConfigurationList section */
		84D6DF982EBED7EE00523334 /* Build configuration list for PBXProject "CustomCarousel" */ = {
			isa = XCConfigurationList;
			buildConfigurations = (
				84D6DFB32EBED7EF00523334 /* Debug */,
				84D6DFB42EBED7EF00523334 /* Release */,
			);
			defaultConfigurationIsVisible = 0;
			defaultConfigurationName = Release;
		};
		84D6DFB02EBED7EF00523334 /* Build configuration list for PBXNativeTarget "CustomCarousel" */ = {
			isa = XCConfigurationList;
			buildConfigurations = (
				84D6DFB12EBED7EF00523334 /* Debug */,
				84D6DFB22EBED7EF00523334 /* Release */,
			);
			defaultConfigurationIsVisible = 0;
			defaultConfigurationName = Release;
		};
/* End XCConfigurationList section */
	};
	rootObject = 84D6DF952EBED7EE00523334 /* Project object */;
}
